
Microsoft Visual Studio Solution File, Format Version 12.00
# Visual Studio Version 16
VisualStudioVersion = 16.0.30611.23
MinimumVisualStudioVersion = 10.0.40219.1
Project("{FAE04EC0-301F-11D3-BF4B-00C04F79EFBC}") = "Subtitle Displayer Project", "Subtitle Displayer Project\Subtitle Displayer Project.csproj", "{647E7758-A771-4715-9935-74321AAD4E88}"
EndProject
Global
	GlobalSection(SolutionConfigurationPlatforms) = preSolution
		Debug|Any CPU = Debug|Any CPU
		Release|Any CPU = Release|Any CPU
	EndGlobalSection
	GlobalSection(ProjectConfigurationPlatforms) = postSolution
		{647E7758-A771-4715-9935-74321AAD4E88}.Debug|Any CPU.ActiveCfg = Debug|Any CPU
		{647E7758-A771-4715-9935-74321AAD4E88}.Debug|Any CPU.Build.0 = Debug|Any CPU
		{647E7758-A771-4715-9935-74321AAD4E88}.Release|Any CPU.ActiveCfg = Release|Any CPU
		{647E7758-A771-4715-9935-74321AAD4E88}.Release|Any CPU.Build.0 = Release|Any CPU
	EndGlobalSection
	GlobalSection(SolutionProperties) = preSolution
		HideSolutionNode = FALSE
	EndGlobalSection
	GlobalSection(ExtensibilityGlobals) = postSolution
		SolutionGuid = {F0D5E6C3-3AD1-47B5-86A6-2F9AF4D3DF44}
	EndGlobalSection
EndGlobal
